
Microsoft Visual Studio Solution File, Format Version 12.00
# Visual Studio Version 17
VisualStudioVersion = 17.14.36717.8 d17.14
MinimumVisualStudioVersion = 10.0.40219.1
Project("{FAE04EC0-301F-11D3-BF4B-00C04F79EFBC}") = "BuregdzinicaAjla", "BuregdzinicaAjla.csproj", "{0501FD1A-D750-424B-BD05-FD0EDC1F703C}"
EndProject
Global
	GlobalSection(SolutionConfigurationPlatforms) = preSolution
		Debug|Any CPU = Debug|Any CPU
		Release|Any CPU = Release|Any CPU
	EndGlobalSection
	GlobalSection(ProjectConfigurationPlatforms) = postSolution
		{0501FD1A-D750-424B-BD05-FD0EDC1F703C}.Debug|Any CPU.ActiveCfg = Debug|Any CPU
		{0501FD1A-D750-424B-BD05-FD0EDC1F703C}.Debug|Any CPU.Build.0 = Debug|Any CPU
		{0501FD1A-D750-424B-BD05-FD0EDC1F703C}.Release|Any CPU.ActiveCfg = Release|Any CPU
		{0501FD1A-D750-424B-BD05-FD0EDC1F703C}.Release|Any CPU.Build.0 = Release|Any CPU
	EndGlobalSection
	GlobalSection(SolutionProperties) = preSolution
		HideSolutionNode = FALSE
	EndGlobalSection
	GlobalSection(ExtensibilityGlobals) = postSolution
		SolutionGuid = {8D7A3C8A-54FF-4713-9F3B-814C0E9C75F8}
	EndGlobalSection
EndGlobal
